
Microsoft Visual Studio Solution File, Format Version 12.00
# Visual Studio 14
VisualStudioVersion = 14.0.24720.0
MinimumVisualStudioVersion = 10.0.40219.1
Project("{FAE04EC0-301F-11D3-BF4B-00C04F79EFBC}") = "ToriatamaText", "ToriatamaText\ToriatamaText.csproj", "{FA6D81D3-8B99-4203-AAE1-01E617AE1939}"
EndProject
Project("{FAE04EC0-301F-11D3-BF4B-00C04F79EFBC}") = "ToriatamaText.Test", "ToriatamaText.Test\ToriatamaText.Test.csproj", "{D8F67AE7-065F-4325-B230-F8B13222558B}"
EndProject
Global
	GlobalSection(SolutionConfigurationPlatforms) = preSolution
		Debug|Any CPU = Debug|Any CPU
		Release|Any CPU = Release|Any CPU
	EndGlobalSection
	GlobalSection(ProjectConfigurationPlatforms) = postSolution
		{FA6D81D3-8B99-4203-AAE1-01E617AE1939}.Debug|Any CPU.ActiveCfg = Debug|Any CPU
		{FA6D81D3-8B99-4203-AAE1-01E617AE1939}.Debug|Any CPU.Build.0 = Debug|Any CPU
		{FA6D81D3-8B99-4203-AAE1-01E617AE1939}.Release|Any CPU.ActiveCfg = Release|Any CPU
		{FA6D81D3-8B99-4203-AAE1-01E617AE1939}.Release|Any CPU.Build.0 = Release|Any CPU
		{D8F67AE7-065F-4325-B230-F8B13222558B}.Debug|Any CPU.ActiveCfg = Debug|Any CPU
		{D8F67AE7-065F-4325-B230-F8B13222558B}.Debug|Any CPU.Build.0 = Debug|Any CPU
		{D8F67AE7-065F-4325-B230-F8B13222558B}.Release|Any CPU.ActiveCfg = Release|Any CPU
		{D8F67AE7-065F-4325-B230-F8B13222558B}.Release|Any CPU.Build.0 = Release|Any CPU
	EndGlobalSection
	GlobalSection(SolutionProperties) = preSolution
		HideSolutionNode = FALSE
	EndGlobalSection
EndGlobal
