
Microsoft Visual Studio Solution File, Format Version 12.00
# Visual Studio Version 16
VisualStudioVersion = 16.0.28729.10
MinimumVisualStudioVersion = 10.0.40219.1
Project("{9A19103F-16F7-4668-BE54-9A1E7A4F7556}") = "Liberfy", "Liberfy\Liberfy.csproj", "{2BBC1D87-8B7F-46D3-9648-AC2F2C5A3C88}"
EndProject
Project("{2150E333-8FDC-42A3-9474-1A3956D46DE8}") = "Solution Items", "Solution Items", "{8F2444A7-2293-4CEE-807B-42F649926B42}"
	ProjectSection(SolutionItems) = preProject
		.editorconfig = .editorconfig
		.gitignore = .gitignore
		LICENSE = LICENSE
		NOTICE.md = NOTICE.md
		README.md = README.md
	EndProjectSection
EndProject
Project("{9A19103F-16F7-4668-BE54-9A1E7A4F7556}") = "SocialApis", "SocialApis\SocialApis.csproj", "{033AA2BE-B09C-4442-B283-C4BA1EAD8018}"
EndProject
Project("{D954291E-2A0B-460D-934E-DC6B0785DB48}") = "WpfMvvmToolkit", "WpfMvvmToolkit\WpfMvvmToolkit.shproj", "{C4979100-D54E-4200-BAEB-77561ED39085}"
EndProject
Project("{9A19103F-16F7-4668-BE54-9A1E7A4F7556}") = "ToriatamaText", "ToriatamaText\cs\ToriatamaText\ToriatamaText.csproj", "{FA6D81D3-8B99-4203-AAE1-01E617AE1939}"
EndProject
Project("{9A19103F-16F7-4668-BE54-9A1E7A4F7556}") = "SocialApis.Test", "SocialApis.Test\SocialApis.Test.csproj", "{AD8032EA-A9CE-4998-B1EF-98D32AF50DAE}"
EndProject
Project("{FAE04EC0-301F-11D3-BF4B-00C04F79EFBC}") = "Liberfy.UIPreview", "Liberfy.UIPreview\Liberfy.UIPreview.csproj", "{92631BE0-4C24-4132-82B6-5E6E10BA4BA6}"
EndProject
Global
	GlobalSection(SharedMSBuildProjectFiles) = preSolution
		WpfMvvmToolkit\WpfMvvmToolkit.projitems*{2bbc1d87-8b7f-46d3-9648-ac2f2c5a3c88}*SharedItemsImports = 5
		WpfMvvmToolkit\WpfMvvmToolkit.projitems*{c4979100-d54e-4200-baeb-77561ed39085}*SharedItemsImports = 13
	EndGlobalSection
	GlobalSection(SolutionConfigurationPlatforms) = preSolution
		Debug|Any CPU = Debug|Any CPU
		Debug|x64 = Debug|x64
		Debug|x86 = Debug|x86
		Release|Any CPU = Release|Any CPU
		Release|x64 = Release|x64
		Release|x86 = Release|x86
	EndGlobalSection
	GlobalSection(ProjectConfigurationPlatforms) = postSolution
		{2BBC1D87-8B7F-46D3-9648-AC2F2C5A3C88}.Debug|Any CPU.ActiveCfg = Debug|Any CPU
		{2BBC1D87-8B7F-46D3-9648-AC2F2C5A3C88}.Debug|Any CPU.Build.0 = Debug|Any CPU
		{2BBC1D87-8B7F-46D3-9648-AC2F2C5A3C88}.Debug|x64.ActiveCfg = Debug|Any CPU
		{2BBC1D87-8B7F-46D3-9648-AC2F2C5A3C88}.Debug|x64.Build.0 = Debug|Any CPU
		{2BBC1D87-8B7F-46D3-9648-AC2F2C5A3C88}.Debug|x86.ActiveCfg = Debug|Any CPU
		{2BBC1D87-8B7F-46D3-9648-AC2F2C5A3C88}.Debug|x86.Build.0 = Debug|Any CPU
		{2BBC1D87-8B7F-46D3-9648-AC2F2C5A3C88}.Release|Any CPU.ActiveCfg = Release|Any CPU
		{2BBC1D87-8B7F-46D3-9648-AC2F2C5A3C88}.Release|Any CPU.Build.0 = Release|Any CPU
		{2BBC1D87-8B7F-46D3-9648-AC2F2C5A3C88}.Release|x64.ActiveCfg = Release|Any CPU
		{2BBC1D87-8B7F-46D3-9648-AC2F2C5A3C88}.Release|x64.Build.0 = Release|Any CPU
		{2BBC1D87-8B7F-46D3-9648-AC2F2C5A3C88}.Release|x86.ActiveCfg = Release|Any CPU
		{2BBC1D87-8B7F-46D3-9648-AC2F2C5A3C88}.Release|x86.Build.0 = Release|Any CPU
		{033AA2BE-B09C-4442-B283-C4BA1EAD8018}.Debug|Any CPU.ActiveCfg = Debug|Any CPU
		{033AA2BE-B09C-4442-B283-C4BA1EAD8018}.Debug|Any CPU.Build.0 = Debug|Any CPU
		{033AA2BE-B09C-4442-B283-C4BA1EAD8018}.Debug|x64.ActiveCfg = Debug|Any CPU
		{033AA2BE-B09C-4442-B283-C4BA1EAD8018}.Debug|x64.Build.0 = Debug|Any CPU
		{033AA2BE-B09C-4442-B283-C4BA1EAD8018}.Debug|x86.ActiveCfg = Debug|Any CPU
		{033AA2BE-B09C-4442-B283-C4BA1EAD8018}.Debug|x86.Build.0 = Debug|Any CPU
		{033AA2BE-B09C-4442-B283-C4BA1EAD8018}.Release|Any CPU.ActiveCfg = Release|Any CPU
		{033AA2BE-B09C-4442-B283-C4BA1EAD8018}.Release|Any CPU.Build.0 = Release|Any CPU
		{033AA2BE-B09C-4442-B283-C4BA1EAD8018}.Release|x64.ActiveCfg = Release|Any CPU
		{033AA2BE-B09C-4442-B283-C4BA1EAD8018}.Release|x64.Build.0 = Release|Any CPU
		{033AA2BE-B09C-4442-B283-C4BA1EAD8018}.Release|x86.ActiveCfg = Release|Any CPU
		{033AA2BE-B09C-4442-B283-C4BA1EAD8018}.Release|x86.Build.0 = Release|Any CPU
		{FA6D81D3-8B99-4203-AAE1-01E617AE1939}.Debug|Any CPU.ActiveCfg = Debug|Any CPU
		{FA6D81D3-8B99-4203-AAE1-01E617AE1939}.Debug|Any CPU.Build.0 = Debug|Any CPU
		{FA6D81D3-8B99-4203-AAE1-01E617AE1939}.Debug|x64.ActiveCfg = Debug|Any CPU
		{FA6D81D3-8B99-4203-AAE1-01E617AE1939}.Debug|x64.Build.0 = Debug|Any CPU
		{FA6D81D3-8B99-4203-AAE1-01E617AE1939}.Debug|x86.ActiveCfg = Debug|Any CPU
		{FA6D81D3-8B99-4203-AAE1-01E617AE1939}.Debug|x86.Build.0 = Debug|Any CPU
		{FA6D81D3-8B99-4203-AAE1-01E617AE1939}.Release|Any CPU.ActiveCfg = Release|Any CPU
		{FA6D81D3-8B99-4203-AAE1-01E617AE1939}.Release|Any CPU.Build.0 = Release|Any CPU
		{FA6D81D3-8B99-4203-AAE1-01E617AE1939}.Release|x64.ActiveCfg = Release|Any CPU
		{FA6D81D3-8B99-4203-AAE1-01E617AE1939}.Release|x64.Build.0 = Release|Any CPU
		{FA6D81D3-8B99-4203-AAE1-01E617AE1939}.Release|x86.ActiveCfg = Release|Any CPU
		{FA6D81D3-8B99-4203-AAE1-01E617AE1939}.Release|x86.Build.0 = Release|Any CPU
		{AD8032EA-A9CE-4998-B1EF-98D32AF50DAE}.Debug|Any CPU.ActiveCfg = Debug|Any CPU
		{AD8032EA-A9CE-4998-B1EF-98D32AF50DAE}.Debug|Any CPU.Build.0 = Debug|Any CPU
		{AD8032EA-A9CE-4998-B1EF-98D32AF50DAE}.Debug|x64.ActiveCfg = Debug|Any CPU
		{AD8032EA-A9CE-4998-B1EF-98D32AF50DAE}.Debug|x64.Build.0 = Debug|Any CPU
		{AD8032EA-A9CE-4998-B1EF-98D32AF50DAE}.Debug|x86.ActiveCfg = Debug|Any CPU
		{AD8032EA-A9CE-4998-B1EF-98D32AF50DAE}.Debug|x86.Build.0 = Debug|Any CPU
		{AD8032EA-A9CE-4998-B1EF-98D32AF50DAE}.Release|Any CPU.ActiveCfg = Release|Any CPU
		{AD8032EA-A9CE-4998-B1EF-98D32AF50DAE}.Release|Any CPU.Build.0 = Release|Any CPU
		{AD8032EA-A9CE-4998-B1EF-98D32AF50DAE}.Release|x64.ActiveCfg = Release|Any CPU
		{AD8032EA-A9CE-4998-B1EF-98D32AF50DAE}.Release|x64.Build.0 = Release|Any CPU
		{AD8032EA-A9CE-4998-B1EF-98D32AF50DAE}.Release|x86.ActiveCfg = Release|Any CPU
		{AD8032EA-A9CE-4998-B1EF-98D32AF50DAE}.Release|x86.Build.0 = Release|Any CPU
		{92631BE0-4C24-4132-82B6-5E6E10BA4BA6}.Debug|Any CPU.ActiveCfg = Debug|Any CPU
		{92631BE0-4C24-4132-82B6-5E6E10BA4BA6}.Debug|Any CPU.Build.0 = Debug|Any CPU
		{92631BE0-4C24-4132-82B6-5E6E10BA4BA6}.Debug|x64.ActiveCfg = Debug|Any CPU
		{92631BE0-4C24-4132-82B6-5E6E10BA4BA6}.Debug|x64.Build.0 = Debug|Any CPU
		{92631BE0-4C24-4132-82B6-5E6E10BA4BA6}.Debug|x86.ActiveCfg = Debug|Any CPU
		{92631BE0-4C24-4132-82B6-5E6E10BA4BA6}.Debug|x86.Build.0 = Debug|Any CPU
		{92631BE0-4C24-4132-82B6-5E6E10BA4BA6}.Release|Any CPU.ActiveCfg = Release|Any CPU
		{92631BE0-4C24-4132-82B6-5E6E10BA4BA6}.Release|Any CPU.Build.0 = Release|Any CPU
		{92631BE0-4C24-4132-82B6-5E6E10BA4BA6}.Release|x64.ActiveCfg = Release|Any CPU
		{92631BE0-4C24-4132-82B6-5E6E10BA4BA6}.Release|x64.Build.0 = Release|Any CPU
		{92631BE0-4C24-4132-82B6-5E6E10BA4BA6}.Release|x86.ActiveCfg = Release|Any CPU
		{92631BE0-4C24-4132-82B6-5E6E10BA4BA6}.Release|x86.Build.0 = Release|Any CPU
	EndGlobalSection
	GlobalSection(SolutionProperties) = preSolution
		HideSolutionNode = FALSE
	EndGlobalSection
	GlobalSection(ExtensibilityGlobals) = postSolution
		SolutionGuid = {22BDBE23-A968-4146-B5DA-5C2F4A473ECF}
	EndGlobalSection
	GlobalSection(Performance) = preSolution
		HasPerformanceSessions = true
	EndGlobalSection
	GlobalSection(Performance) = preSolution
		HasPerformanceSessions = true
	EndGlobalSection
EndGlobal
